
Microsoft Visual Studio Solution File, Format Version 12.00
# Visual Studio Version 17
VisualStudioVersion = 17.5.33424.131
MinimumVisualStudioVersion = 10.0.40219.1
Project("{9A19103F-16F7-4668-BE54-9A1E7A4F7556}") = "ConsoleApp1", "ConsoleApp1\ConsoleApp1.csproj", "{8A31C3A3-972C-41A7-ABD3-C939391BCE3C}"
EndProject
Project("{FAE04EC0-301F-11D3-BF4B-00C04F79EFBC}") = "FeishuNotice", "FeishuNotice\FeishuNotice.csproj", "{21ADEA83-0967-41C3-B355-7CD54A74B753}"
EndProject
Project("{FAE04EC0-301F-11D3-BF4B-00C04F79EFBC}") = "ConsoleApp2", "ConsoleApp2\ConsoleApp2.csproj", "{47BB15BD-2F19-4133-9B72-A924A8487E1A}"
EndProject
Global
	GlobalSection(SolutionConfigurationPlatforms) = preSolution
		Debug|Any CPU = Debug|Any CPU
		Release|Any CPU = Release|Any CPU
	EndGlobalSection
	GlobalSection(ProjectConfigurationPlatforms) = postSolution
		{8A31C3A3-972C-41A7-ABD3-C939391BCE3C}.Debug|Any CPU.ActiveCfg = Debug|Any CPU
		{8A31C3A3-972C-41A7-ABD3-C939391BCE3C}.Debug|Any CPU.Build.0 = Debug|Any CPU
		{8A31C3A3-972C-41A7-ABD3-C939391BCE3C}.Release|Any CPU.ActiveCfg = Release|Any CPU
		{8A31C3A3-972C-41A7-ABD3-C939391BCE3C}.Release|Any CPU.Build.0 = Release|Any CPU
		{21ADEA83-0967-41C3-B355-7CD54A74B753}.Debug|Any CPU.ActiveCfg = Debug|Any CPU
		{21ADEA83-0967-41C3-B355-7CD54A74B753}.Debug|Any CPU.Build.0 = Debug|Any CPU
		{21ADEA83-0967-41C3-B355-7CD54A74B753}.Release|Any CPU.ActiveCfg = Release|Any CPU
		{21ADEA83-0967-41C3-B355-7CD54A74B753}.Release|Any CPU.Build.0 = Release|Any CPU
		{47BB15BD-2F19-4133-9B72-A924A8487E1A}.Debug|Any CPU.ActiveCfg = Debug|Any CPU
		{47BB15BD-2F19-4133-9B72-A924A8487E1A}.Debug|Any CPU.Build.0 = Debug|Any CPU
		{47BB15BD-2F19-4133-9B72-A924A8487E1A}.Release|Any CPU.ActiveCfg = Release|Any CPU
		{47BB15BD-2F19-4133-9B72-A924A8487E1A}.Release|Any CPU.Build.0 = Release|Any CPU
	EndGlobalSection
	GlobalSection(SolutionProperties) = preSolution
		HideSolutionNode = FALSE
	EndGlobalSection
	GlobalSection(ExtensibilityGlobals) = postSolution
		SolutionGuid = {0DE5B251-E531-4E75-8171-BE6B76E89482}
	EndGlobalSection
EndGlobal
